
Microsoft Visual Studio Solution File, Format Version 12.00
# Visual Studio 15
VisualStudioVersion = 15.0.27703.2042
MinimumVisualStudioVersion = 10.0.40219.1
Project("{FAE04EC0-301F-11D3-BF4B-00C04F79EFBC}") = "Oxide", "Oxide\Oxide.csproj", "{5AC15B6B-F6F1-40CD-BFD7-2EB17EBF2A95}"
EndProject
Global
	GlobalSection(SolutionConfigurationPlatforms) = preSolution
		Debug|Any CPU = Debug|Any CPU
		Release|Any CPU = Release|Any CPU
	EndGlobalSection
	GlobalSection(ProjectConfigurationPlatforms) = postSolution
		{5AC15B6B-F6F1-40CD-BFD7-2EB17EBF2A95}.Debug|Any CPU.ActiveCfg = Debug|Any CPU
		{5AC15B6B-F6F1-40CD-BFD7-2EB17EBF2A95}.Debug|Any CPU.Build.0 = Debug|Any CPU
		{5AC15B6B-F6F1-40CD-BFD7-2EB17EBF2A95}.Release|Any CPU.ActiveCfg = Release|Any CPU
		{5AC15B6B-F6F1-40CD-BFD7-2EB17EBF2A95}.Release|Any CPU.Build.0 = Release|Any CPU
	EndGlobalSection
	GlobalSection(SolutionProperties) = preSolution
		HideSolutionNode = FALSE
	EndGlobalSection
	GlobalSection(ExtensibilityGlobals) = postSolution
		SolutionGuid = {483FD348-9C11-46F3-96F6-0F6C07BCA22E}
	EndGlobalSection
EndGlobal
